{
  "version": "5",
  "specifiers": {
    "jsr:@std/assert@*": "1.0.19",
    "jsr:@std/internal@^1.0.12": "1.0.12",
    "npm:@ai-sdk/xai@*": "3.0.82_zod@4.3.6",
    "npm:ai@*": "6.0.156_zod@4.3.6",
    "npm:langfuse@*": "3.38.20",
    "npm:zod@*": "4.3.6"
  },
  "jsr": {
    "@std/assert@1.0.19": {
      "integrity": "eaada96ee120cb980bc47e040f82814d786fe8162ecc53c91d8df60b8755991e",
      "dependencies": [
        "jsr:@std/internal"
      ]
    },
    "@std/internal@1.0.12": {
      "integrity": "972a634fd5bc34b242024402972cd5143eac68d8dffaca5eaa4dba30ce17b027"
    }
  },
  "npm": {
    "@ai-sdk/gateway@3.0.95_zod@4.3.6": {
      "integrity": "sha512-ZmUNNbZl3V42xwQzPaNUi+s8eqR2lnrxf0bvB6YbLXpLjHYv0k2Y78t12cNOfY0bxGeuVVTLyk856uLuQIuXEQ==",
      "dependencies": [
        "@ai-sdk/provider",
        "@ai-sdk/provider-utils",
        "@vercel/oidc",
        "zod"
      ]
    },
    "@ai-sdk/openai-compatible@2.0.41_zod@4.3.6": {
      "integrity": "sha512-kNAGINk71AlOXx10Dq/PXw4t/9XjdK8uxfpVElRwtSFMdeSiLVt58p9TPx4/FJD+hxZuVhvxYj9r42osxWq79g==",
      "dependencies": [
        "@ai-sdk/provider",
        "@ai-sdk/provider-utils",
        "zod"
      ]
    },
    "@ai-sdk/provider-utils@4.0.23_zod@4.3.6": {
      "integrity": "sha512-z8GlDaCmRSDlqkMF2f4/RFgWxdarvIbyuk+m6WXT1LYgsnGiXRJGTD2Z1+SDl3LqtFuRtGX1aghYvQLoHL/9pg==",
      "dependencies": [
        "@ai-sdk/provider",
        "@standard-schema/spec",
        "eventsource-parser",
        "zod"
      ]
    },
    "@ai-sdk/provider@3.0.8": {
      "integrity": "sha512-oGMAgGoQdBXbZqNG0Ze56CHjDZ1IDYOwGYxYjO5KLSlz5HiNQ9udIXsPZ61VWaHGZ5XW/jyjmr6t2xz2jGVwbQ==",
      "dependencies": [
        "json-schema"
      ]
    },
    "@ai-sdk/xai@3.0.82_zod@4.3.6": {
      "integrity": "sha512-A0VFMufnVf4wODcT3SPQUUzvYXiIO1VhFuXj9r6z/vP4rlo+QRDPw3WSTchcz93ROQWSfBE3I6Szqz342OHi5w==",
      "dependencies": [
        "@ai-sdk/openai-compatible",
        "@ai-sdk/provider",
        "@ai-sdk/provider-utils",
        "zod"
      ]
    },
    "@opentelemetry/api@1.9.0": {
      "integrity": "sha512-3giAOQvZiH5F9bMlMiv8+GSPMeqg0dbaeo58/0SlA9sxSqZhnUtxzX9/2FzyhS9sWQf5S0GJE0AKBrFqjpeYcg=="
    },
    "@standard-schema/spec@1.1.0": {
      "integrity": "sha512-l2aFy5jALhniG5HgqrD6jXLi/rUWrKvqN/qJx6yoJsgKhblVd+iqqU4RCXavm/jPityDo5TCvKMnpjKnOriy0w=="
    },
    "@vercel/oidc@3.1.0": {
      "integrity": "sha512-Fw28YZpRnA3cAHHDlkt7xQHiJ0fcL+NRcIqsocZQUSmbzeIKRpwttJjik5ZGanXP+vlA4SbTg+AbA3bP363l+w=="
    },
    "ai@6.0.156_zod@4.3.6": {
      "integrity": "sha512-uyi/5LYbugHQxZsR2PeAFOZEL4WqKkzZw4pv0nQvvdgxgVOsM7snOmGrYkp5fShxH/vnd08SXvHCVTX7oUW7xQ==",
      "dependencies": [
        "@ai-sdk/gateway",
        "@ai-sdk/provider",
        "@ai-sdk/provider-utils",
        "@opentelemetry/api",
        "zod"
      ]
    },
    "eventsource-parser@3.0.6": {
      "integrity": "sha512-Vo1ab+QXPzZ4tCa8SwIHJFaSzy4R6SHf7BY79rFBDf0idraZWAkYrDjDj8uWaSm3S2TK+hJ7/t1CEmZ7jXw+pg=="
    },
    "json-schema@0.4.0": {
      "integrity": "sha512-es94M3nTIfsEPisRafak+HDLfHXnKBhV3vU5eqPcS3flIWqcxJWgXHXiey3YrpaNsanY5ei1VoYEbOzijuq9BA=="
    },
    "langfuse-core@3.38.20": {
      "integrity": "sha512-zBKVmQN/1oT5VWZUBYlWzvokIlkC/6mnpgr/2atMyTeAm+jR3ia7w2iJMjlrF5/oG8ukO1s8+LDRCzJpF1QeEA==",
      "dependencies": [
        "mustache"
      ]
    },
    "langfuse@3.38.20": {
      "integrity": "sha512-MAmBAASSzJtmK1O9HQegA1mFsQhT8Yf+OJRGvE7FXkyv3g/eiBE0glLD0Ohg3pkxhoPdggM5SejK7ue9ctlaMA==",
      "dependencies": [
        "langfuse-core"
      ]
    },
    "mustache@4.2.0": {
      "integrity": "sha512-71ippSywq5Yb7/tVYyGbkBggbU8H3u5Rz56fH60jGFgr8uHwxs+aSKeqmluIVzM0m0kB7xQjKS6qPfd0b2ZoqQ==",
      "bin": true
    },
    "zod@4.3.6": {
      "integrity": "sha512-rftlrkhHZOcjDwkGlnUtZZkvaPHCsDATp4pGpuOOMDaTdDDXF91wuVDJoWoPsKX/3YPQ5fHuF3STjcYyKr+Qhg=="
    }
  },
  "workspace": {
    "dependencies": [
      "jsr:@supabase/functions-js@^2.4.5",
      "jsr:@supabase/supabase-js@^2.45.4",
      "npm:googleapis@^170.1.0",
      "npm:langfuse@3",
      "npm:tesseract.js@^5.0.4"
    ]
  }
}
